
Microsoft Visual Studio Solution File, Format Version 12.00
Project("{FAE04EC0-301F-11D3-BF4B-00C04F79EFBC}") = "Xprtz.Training.MicroServices.Api", "src\Xprtz.Training.MicroServices.Api\Xprtz.Training.MicroServices.Api.csproj", "{05A738E7-3051-4487-AA2D-A79BA57679A2}"
EndProject
Project("{FAE04EC0-301F-11D3-BF4B-00C04F79EFBC}") = "Xprtz.Training.MicroServices.Client", "src\Xprtz.Training.MicroServices.Client\Xprtz.Training.MicroServices.Client.csproj", "{766978F4-CBE9-4F00-969B-DE76E741B9CF}"
EndProject
Project("{FAE04EC0-301F-11D3-BF4B-00C04F79EFBC}") = "Xprtz.Training.MicroServices.Domain", "src\Xprtz.Training.MicroServices.Domain\Xprtz.Training.MicroServices.Domain.csproj", "{427A7D82-08E0-412F-8BD3-A8DBA89B74BB}"
EndProject
Project("{2150E333-8FDC-42A3-9474-1A3956D46DE8}") = "tests", "tests", "{F2821850-310C-43CA-9485-7FE6C907FC49}"
EndProject
Project("{FAE04EC0-301F-11D3-BF4B-00C04F79EFBC}") = "Xprtz.Training.MicroServices.UnitTests", "Xprtz.Training.MicroServices.UnitTests\Xprtz.Training.MicroServices.UnitTests.csproj", "{859C52FD-9997-4380-A81D-061D102B6CFE}"
EndProject
Global
	GlobalSection(SolutionConfigurationPlatforms) = preSolution
		Debug|Any CPU = Debug|Any CPU
		Release|Any CPU = Release|Any CPU
	EndGlobalSection
	GlobalSection(ProjectConfigurationPlatforms) = postSolution
		{05A738E7-3051-4487-AA2D-A79BA57679A2}.Debug|Any CPU.ActiveCfg = Debug|Any CPU
		{05A738E7-3051-4487-AA2D-A79BA57679A2}.Debug|Any CPU.Build.0 = Debug|Any CPU
		{05A738E7-3051-4487-AA2D-A79BA57679A2}.Release|Any CPU.ActiveCfg = Release|Any CPU
		{05A738E7-3051-4487-AA2D-A79BA57679A2}.Release|Any CPU.Build.0 = Release|Any CPU
		{766978F4-CBE9-4F00-969B-DE76E741B9CF}.Debug|Any CPU.ActiveCfg = Debug|Any CPU
		{766978F4-CBE9-4F00-969B-DE76E741B9CF}.Debug|Any CPU.Build.0 = Debug|Any CPU
		{766978F4-CBE9-4F00-969B-DE76E741B9CF}.Release|Any CPU.ActiveCfg = Release|Any CPU
		{766978F4-CBE9-4F00-969B-DE76E741B9CF}.Release|Any CPU.Build.0 = Release|Any CPU
		{427A7D82-08E0-412F-8BD3-A8DBA89B74BB}.Debug|Any CPU.ActiveCfg = Debug|Any CPU
		{427A7D82-08E0-412F-8BD3-A8DBA89B74BB}.Debug|Any CPU.Build.0 = Debug|Any CPU
		{427A7D82-08E0-412F-8BD3-A8DBA89B74BB}.Release|Any CPU.ActiveCfg = Release|Any CPU
		{427A7D82-08E0-412F-8BD3-A8DBA89B74BB}.Release|Any CPU.Build.0 = Release|Any CPU
		{859C52FD-9997-4380-A81D-061D102B6CFE}.Debug|Any CPU.ActiveCfg = Debug|Any CPU
		{859C52FD-9997-4380-A81D-061D102B6CFE}.Debug|Any CPU.Build.0 = Debug|Any CPU
		{859C52FD-9997-4380-A81D-061D102B6CFE}.Release|Any CPU.ActiveCfg = Release|Any CPU
		{859C52FD-9997-4380-A81D-061D102B6CFE}.Release|Any CPU.Build.0 = Release|Any CPU
	EndGlobalSection
	GlobalSection(NestedProjects) = preSolution
		{859C52FD-9997-4380-A81D-061D102B6CFE} = {F2821850-310C-43CA-9485-7FE6C907FC49}
	EndGlobalSection
EndGlobal
