
Microsoft Visual Studio Solution File, Format Version 12.00
Project("{FAE04EC0-301F-11D3-BF4B-00C04F79EFBC}") = "Xprtz.Training.MicroServices.Api", "src\Xprtz.Training.MicroServices.Api\Xprtz.Training.MicroServices.Api.csproj", "{05A738E7-3051-4487-AA2D-A79BA57679A2}"
EndProject
Project("{FAE04EC0-301F-11D3-BF4B-00C04F79EFBC}") = "Xprtz.Training.MicroServices.Client", "src\Xprtz.Training.MicroServices.Client\Xprtz.Training.MicroServices.Client.csproj", "{766978F4-CBE9-4F00-969B-DE76E741B9CF}"
EndProject
Project("{FAE04EC0-301F-11D3-BF4B-00C04F79EFBC}") = "Xprtz.Training.MicroServices.Models", "src\Xprtz.Training.MicroServices.Models\Xprtz.Training.MicroServices.Models.csproj", "{5A01DA36-3D2E-49B9-BDFA-A24DA33A9D87}"
EndProject
Global
	GlobalSection(SolutionConfigurationPlatforms) = preSolution
		Debug|Any CPU = Debug|Any CPU
		Release|Any CPU = Release|Any CPU
	EndGlobalSection
	GlobalSection(ProjectConfigurationPlatforms) = postSolution
		{05A738E7-3051-4487-AA2D-A79BA57679A2}.Debug|Any CPU.ActiveCfg = Debug|Any CPU
		{05A738E7-3051-4487-AA2D-A79BA57679A2}.Debug|Any CPU.Build.0 = Debug|Any CPU
		{05A738E7-3051-4487-AA2D-A79BA57679A2}.Release|Any CPU.ActiveCfg = Release|Any CPU
		{05A738E7-3051-4487-AA2D-A79BA57679A2}.Release|Any CPU.Build.0 = Release|Any CPU
		{766978F4-CBE9-4F00-969B-DE76E741B9CF}.Debug|Any CPU.ActiveCfg = Debug|Any CPU
		{766978F4-CBE9-4F00-969B-DE76E741B9CF}.Debug|Any CPU.Build.0 = Debug|Any CPU
		{766978F4-CBE9-4F00-969B-DE76E741B9CF}.Release|Any CPU.ActiveCfg = Release|Any CPU
		{766978F4-CBE9-4F00-969B-DE76E741B9CF}.Release|Any CPU.Build.0 = Release|Any CPU
		{5A01DA36-3D2E-49B9-BDFA-A24DA33A9D87}.Debug|Any CPU.ActiveCfg = Debug|Any CPU
		{5A01DA36-3D2E-49B9-BDFA-A24DA33A9D87}.Debug|Any CPU.Build.0 = Debug|Any CPU
		{5A01DA36-3D2E-49B9-BDFA-A24DA33A9D87}.Release|Any CPU.ActiveCfg = Release|Any CPU
		{5A01DA36-3D2E-49B9-BDFA-A24DA33A9D87}.Release|Any CPU.Build.0 = Release|Any CPU
	EndGlobalSection
EndGlobal
